{
  "name": "@interego/css-gate",
  "version": "0.2.0",
  "lockfileVersion": 3,
  "requires": true,
  "packages": {
    "": {
      "name": "@interego/css-gate",
      "version": "0.2.0",
      "dependencies": {
        "undici": "^7.0.0"
      },
      "engines": {
        "node": ">=20.0.0"
      }
    },
    "node_modules/undici": {
      "version": "7.27.1",
      "resolved": "https://registry.npmjs.org/undici/-/undici-7.27.1.tgz",
      "integrity": "sha512-UDdpiex+mzigiyrXrGbiUaF4HzTNhKbh2vRNFaTMzcqmLIPrZxaCtwo/1TMSuWoM1Xz3WiTo9KdgI3kRqYzJGg==",
      "license": "MIT",
      "engines": {
        "node": ">=20.18.1"
      }
    }
  }
}
